
Microsoft Visual Studio Solution File, Format Version 12.00
# Visual Studio 2013
VisualStudioVersion = 12.0.40629.0
MinimumVisualStudioVersion = 10.0.40219.1
Project("{FAE04EC0-301F-11D3-BF4B-00C04F79EFBC}") = "ioHelper", "ioHelper\ioHelper.csproj", "{04D760BA-716B-4FDB-A7ED-85CC1A2CFB66}"
EndProject
Project("{FAE04EC0-301F-11D3-BF4B-00C04F79EFBC}") = "ioHelperTests", "ioHelperTests\ioHelperTests.csproj", "{5128E5A6-4A7E-483F-A4CE-886E73C54A39}"
EndProject
Global
	GlobalSection(SolutionConfigurationPlatforms) = preSolution
		Debug|Any CPU = Debug|Any CPU
		Release|Any CPU = Release|Any CPU
	EndGlobalSection
	GlobalSection(ProjectConfigurationPlatforms) = postSolution
		{04D760BA-716B-4FDB-A7ED-85CC1A2CFB66}.Debug|Any CPU.ActiveCfg = Debug|Any CPU
		{04D760BA-716B-4FDB-A7ED-85CC1A2CFB66}.Debug|Any CPU.Build.0 = Debug|Any CPU
		{04D760BA-716B-4FDB-A7ED-85CC1A2CFB66}.Release|Any CPU.ActiveCfg = Release|Any CPU
		{04D760BA-716B-4FDB-A7ED-85CC1A2CFB66}.Release|Any CPU.Build.0 = Release|Any CPU
		{5128E5A6-4A7E-483F-A4CE-886E73C54A39}.Debug|Any CPU.ActiveCfg = Debug|Any CPU
		{5128E5A6-4A7E-483F-A4CE-886E73C54A39}.Debug|Any CPU.Build.0 = Debug|Any CPU
		{5128E5A6-4A7E-483F-A4CE-886E73C54A39}.Release|Any CPU.ActiveCfg = Release|Any CPU
		{5128E5A6-4A7E-483F-A4CE-886E73C54A39}.Release|Any CPU.Build.0 = Release|Any CPU
	EndGlobalSection
	GlobalSection(SolutionProperties) = preSolution
		HideSolutionNode = FALSE
	EndGlobalSection
EndGlobal
